// !$*UTF8*$!
{
	archiveVersion = 1;
	classes = {
	};
	objectVersion = 56;
	objects = {

/* Begin PBXBuildFile section */
		426E82652C1E4199005F3A46 /* TaskManagerApp.swift in Sources */ = {isa = PBXBuildFile; fileRef = 426E82642C1E4199005F3A46 /* TaskManagerApp.swift */; };
		426E826B2C1E419C005F3A46 /* Assets.xcassets in Resources */ = {isa = PBXBuildFile; fileRef = 426E826A2C1E419C005F3A46 /* Assets.xcassets */; };
		426E826E2C1E419C005F3A46 /* Preview Assets.xcassets in Resources */ = {isa = PBXBuildFile; fileRef = 426E826D2C1E419C005F3A46 /* Preview Assets.xcassets */; };
		426E82752C1E421E005F3A46 /* Task.swift in Sources */ = {isa = PBXBuildFile; fileRef = 426E82742C1E421E005F3A46 /* Task.swift */; };
		426E82772C1E423B005F3A46 /* TaskListView.swift in Sources */ = {isa = PBXBuildFile; fileRef = 426E82762C1E423B005F3A46 /* TaskListView.swift */; };
		426E82792C1E424C005F3A46 /* CreateTaskView.swift in Sources */ = {isa = PBXBuildFile; fileRef = 426E82782C1E424C005F3A46 /* CreateTaskView.swift */; };
		426E827B2C1E42DB005F3A46 /* TaskDetailView.swift in Sources */ = {isa = PBXBuildFile; fileRef = 426E827A2C1E42DB005F3A46 /* TaskDetailView.swift */; };
		426E827F2C1E4F82005F3A46 /* MockDataProvider.swift in Sources */ = {isa = PBXBuildFile; fileRef = 426E827E2C1E4F82005F3A46 /* MockDataProvider.swift */; };
		426E82832C1E5140005F3A46 /* ProgressSectionView.swift in Sources */ = {isa = PBXBuildFile; fileRef = 426E82822C1E5140005F3A46 /* ProgressSectionView.swift */; };
		426E82852C1E5292005F3A46 /* TaskRowView.swift in Sources */ = {isa = PBXBuildFile; fileRef = 426E82842C1E5292005F3A46 /* TaskRowView.swift */; };
		426E82872C1E52A4005F3A46 /* TaskSectionView.swift in Sources */ = {isa = PBXBuildFile; fileRef = 426E82862C1E52A4005F3A46 /* TaskSectionView.swift */; };
		426E82892C1E53D3005F3A46 /* DateFilter.swift in Sources */ = {isa = PBXBuildFile; fileRef = 426E82882C1E53D3005F3A46 /* DateFilter.swift */; };
		426E828C2C1E56A2005F3A46 /* ProgressBarsView.swift in Sources */ = {isa = PBXBuildFile; fileRef = 426E828B2C1E56A2005F3A46 /* ProgressBarsView.swift */; };
		426E828E2C1E5F87005F3A46 /* PurpleGlassBackgroundView.swift in Sources */ = {isa = PBXBuildFile; fileRef = 426E828D2C1E5F87005F3A46 /* PurpleGlassBackgroundView.swift */; };
		426E82902C1E61C8005F3A46 /* StaticPurpleBackgroundView.swift in Sources */ = {isa = PBXBuildFile; fileRef = 426E828F2C1E61C8005F3A46 /* StaticPurpleBackgroundView.swift */; };
		426E82922C1E64D2005F3A46 /* ArchivedTaskSectionView.swift in Sources */ = {isa = PBXBuildFile; fileRef = 426E82912C1E64D2005F3A46 /* ArchivedTaskSectionView.swift */; };
		426E82962C1E6A63005F3A46 /* VisualEffectBlurView.swift in Sources */ = {isa = PBXBuildFile; fileRef = 426E82952C1E6A63005F3A46 /* VisualEffectBlurView.swift */; };
		426E82DF2C1F290D005F3A46 /* Launch Screen.storyboard in Resources */ = {isa = PBXBuildFile; fileRef = 426E82DE2C1F290D005F3A46 /* Launch Screen.storyboard */; };
/* End PBXBuildFile section */

/* Begin PBXFileReference section */
		426E82612C1E4199005F3A46 /* TaskManager.app */ = {isa = PBXFileReference; explicitFileType = wrapper.application; includeInIndex = 0; path = TaskManager.app; sourceTree = BUILT_PRODUCTS_DIR; };
		426E82642C1E4199005F3A46 /* TaskManagerApp.swift */ = {isa = PBXFileReference; lastKnownFileType = sourcecode.swift; path = TaskManagerApp.swift; sourceTree = "<group>"; };
		426E826A2C1E419C005F3A46 /* Assets.xcassets */ = {isa = PBXFileReference; lastKnownFileType = folder.assetcatalog; path = Assets.xcassets; sourceTree = "<group>"; };
		426E826D2C1E419C005F3A46 /* Preview Assets.xcassets */ = {isa = PBXFileReference; lastKnownFileType = folder.assetcatalog; path = "Preview Assets.xcassets"; sourceTree = "<group>"; };
		426E82742C1E421E005F3A46 /* Task.swift */ = {isa = PBXFileReference; lastKnownFileType = sourcecode.swift; path = Task.swift; sourceTree = "<group>"; };
		426E82762C1E423B005F3A46 /* TaskListView.swift */ = {isa = PBXFileReference; lastKnownFileType = sourcecode.swift; path = TaskListView.swift; sourceTree = "<group>"; };
		426E82782C1E424C005F3A46 /* CreateTaskView.swift */ = {isa = PBXFileReference; lastKnownFileType = sourcecode.swift; path = CreateTaskView.swift; sourceTree = "<group>"; };
		426E827A2C1E42DB005F3A46 /* TaskDetailView.swift */ = {isa = PBXFileReference; lastKnownFileType = sourcecode.swift; path = TaskDetailView.swift; sourceTree = "<group>"; };
		426E827E2C1E4F82005F3A46 /* MockDataProvider.swift */ = {isa = PBXFileReference; lastKnownFileType = sourcecode.swift; path = MockDataProvider.swift; sourceTree = "<group>"; };
		426E82822C1E5140005F3A46 /* ProgressSectionView.swift */ = {isa = PBXFileReference; lastKnownFileType = sourcecode.swift; path = ProgressSectionView.swift; sourceTree = "<group>"; };
		426E82842C1E5292005F3A46 /* TaskRowView.swift */ = {isa = PBXFileReference; lastKnownFileType = sourcecode.swift; path = TaskRowView.swift; sourceTree = "<group>"; };
		426E82862C1E52A4005F3A46 /* TaskSectionView.swift */ = {isa = PBXFileReference; lastKnownFileType = sourcecode.swift; path = TaskSectionView.swift; sourceTree = "<group>"; };
		426E82882C1E53D3005F3A46 /* DateFilter.swift */ = {isa = PBXFileReference; lastKnownFileType = sourcecode.swift; path = DateFilter.swift; sourceTree = "<group>"; };
		426E828B2C1E56A2005F3A46 /* ProgressBarsView.swift */ = {isa = PBXFileReference; lastKnownFileType = sourcecode.swift; path = ProgressBarsView.swift; sourceTree = "<group>"; };
		426E828D2C1E5F87005F3A46 /* PurpleGlassBackgroundView.swift */ = {isa = PBXFileReference; lastKnownFileType = sourcecode.swift; path = PurpleGlassBackgroundView.swift; sourceTree = "<group>"; };
		426E828F2C1E61C8005F3A46 /* StaticPurpleBackgroundView.swift */ = {isa = PBXFileReference; lastKnownFileType = sourcecode.swift; path = StaticPurpleBackgroundView.swift; sourceTree = "<group>"; };
		426E82912C1E64D2005F3A46 /* ArchivedTaskSectionView.swift */ = {isa = PBXFileReference; lastKnownFileType = sourcecode.swift; path = ArchivedTaskSectionView.swift; sourceTree = "<group>"; };
		426E82952C1E6A63005F3A46 /* VisualEffectBlurView.swift */ = {isa = PBXFileReference; lastKnownFileType = sourcecode.swift; path = VisualEffectBlurView.swift; sourceTree = "<group>"; };
		426E82DE2C1F290D005F3A46 /* Launch Screen.storyboard */ = {isa = PBXFileReference; lastKnownFileType = file.storyboard; path = "Launch Screen.storyboard"; sourceTree = "<group>"; };
/* End PBXFileReference section */

/* Begin PBXFrameworksBuildPhase section */
		426E825E2C1E4199005F3A46 /* Frameworks */ = {
			isa = PBXFrameworksBuildPhase;
			buildActionMask = 2147483647;
			files = (
			);
			runOnlyForDeploymentPostprocessing = 0;
		};
/* End PBXFrameworksBuildPhase section */

/* Begin PBXGroup section */
		426E82582C1E4199005F3A46 = {
			isa = PBXGroup;
			children = (
				426E82632C1E4199005F3A46 /* TaskManager */,
				426E82622C1E4199005F3A46 /* Products */,
			);
			sourceTree = "<group>";
		};
		426E82622C1E4199005F3A46 /* Products */ = {
			isa = PBXGroup;
			children = (
				426E82612C1E4199005F3A46 /* TaskManager.app */,
			);
			name = Products;
			sourceTree = "<group>";
		};
		426E82632C1E4199005F3A46 /* TaskManager */ = {
			isa = PBXGroup;
			children = (
				426E828A2C1E556F005F3A46 /* Tasks */,
				426E82642C1E4199005F3A46 /* TaskManagerApp.swift */,
				426E82822C1E5140005F3A46 /* ProgressSectionView.swift */,
				426E828B2C1E56A2005F3A46 /* ProgressBarsView.swift */,
				426E82882C1E53D3005F3A46 /* DateFilter.swift */,
				426E827E2C1E4F82005F3A46 /* MockDataProvider.swift */,
				426E826A2C1E419C005F3A46 /* Assets.xcassets */,
				426E826C2C1E419C005F3A46 /* Preview Content */,
				426E82DE2C1F290D005F3A46 /* Launch Screen.storyboard */,
			);
			path = TaskManager;
			sourceTree = "<group>";
		};
		426E826C2C1E419C005F3A46 /* Preview Content */ = {
			isa = PBXGroup;
			children = (
				426E826D2C1E419C005F3A46 /* Preview Assets.xcassets */,
			);
			path = "Preview Content";
			sourceTree = "<group>";
		};
		426E828A2C1E556F005F3A46 /* Tasks */ = {
			isa = PBXGroup;
			children = (
				426E82742C1E421E005F3A46 /* Task.swift */,
				426E827A2C1E42DB005F3A46 /* TaskDetailView.swift */,
				426E82762C1E423B005F3A46 /* TaskListView.swift */,
				426E82912C1E64D2005F3A46 /* ArchivedTaskSectionView.swift */,
				426E828D2C1E5F87005F3A46 /* PurpleGlassBackgroundView.swift */,
				426E828F2C1E61C8005F3A46 /* StaticPurpleBackgroundView.swift */,
				426E82842C1E5292005F3A46 /* TaskRowView.swift */,
				426E82952C1E6A63005F3A46 /* VisualEffectBlurView.swift */,
				426E82862C1E52A4005F3A46 /* TaskSectionView.swift */,
				426E82782C1E424C005F3A46 /* CreateTaskView.swift */,
			);
			path = Tasks;
			sourceTree = "<group>";
		};
/* End PBXGroup section */

/* Begin PBXNativeTarget section */
		426E82602C1E4199005F3A46 /* TaskManager */ = {
			isa = PBXNativeTarget;
			buildConfigurationList = 426E82712C1E419C005F3A46 /* Build configuration list for PBXNativeTarget "TaskManager" */;
			buildPhases = (
				426E825D2C1E4199005F3A46 /* Sources */,
				426E825E2C1E4199005F3A46 /* Frameworks */,
				426E825F2C1E4199005F3A46 /* Resources */,
			);
			buildRules = (
			);
			dependencies = (
			);
			name = TaskManager;
			productName = TaskManager;
			productReference = 426E82612C1E4199005F3A46 /* TaskManager.app */;
			productType = "com.apple.product-type.application";
		};
/* End PBXNativeTarget section */

/* Begin PBXProject section */
		426E82592C1E4199005F3A46 /* Project object */ = {
			isa = PBXProject;
			attributes = {
				BuildIndependentTargetsInParallel = 1;
				LastSwiftUpdateCheck = 1540;
				LastUpgradeCheck = 1540;
				TargetAttributes = {
					426E82602C1E4199005F3A46 = {
						CreatedOnToolsVersion = 15.4;
					};
				};
			};
			buildConfigurationList = 426E825C2C1E4199005F3A46 /* Build configuration list for PBXProject "TaskManager" */;
			compatibilityVersion = "Xcode 14.0";
			developmentRegion = en;
			hasScannedForEncodings = 0;
			knownRegions = (
				en,
				Base,
			);
			mainGroup = 426E82582C1E4199005F3A46;
			productRefGroup = 426E82622C1E4199005F3A46 /* Products */;
			projectDirPath = "";
			projectRoot = "";
			targets = (
				426E82602C1E4199005F3A46 /* TaskManager */,
			);
		};
/* End PBXProject section */

/* Begin PBXResourcesBuildPhase section */
		426E825F2C1E4199005F3A46 /* Resources */ = {
			isa = PBXResourcesBuildPhase;
			buildActionMask = 2147483647;
			files = (
				426E82DF2C1F290D005F3A46 /* Launch Screen.storyboard in Resources */,
				426E826E2C1E419C005F3A46 /* Preview Assets.xcassets in Resources */,
				426E826B2C1E419C005F3A46 /* Assets.xcassets in Resources */,
			);
			runOnlyForDeploymentPostprocessing = 0;
		};
/* End PBXResourcesBuildPhase section */

/* Begin PBXSourcesBuildPhase section */
		426E825D2C1E4199005F3A46 /* Sources */ = {
			isa = PBXSourcesBuildPhase;
			buildActionMask = 2147483647;
			files = (
				426E82962C1E6A63005F3A46 /* VisualEffectBlurView.swift in Sources */,
				426E828C2C1E56A2005F3A46 /* ProgressBarsView.swift in Sources */,
				426E82922C1E64D2005F3A46 /* ArchivedTaskSectionView.swift in Sources */,
				426E82852C1E5292005F3A46 /* TaskRowView.swift in Sources */,
				426E82902C1E61C8005F3A46 /* StaticPurpleBackgroundView.swift in Sources */,
				426E827F2C1E4F82005F3A46 /* MockDataProvider.swift in Sources */,
				426E828E2C1E5F87005F3A46 /* PurpleGlassBackgroundView.swift in Sources */,
				426E827B2C1E42DB005F3A46 /* TaskDetailView.swift in Sources */,
				426E82892C1E53D3005F3A46 /* DateFilter.swift in Sources */,
				426E82872C1E52A4005F3A46 /* TaskSectionView.swift in Sources */,
				426E82752C1E421E005F3A46 /* Task.swift in Sources */,
				426E82772C1E423B005F3A46 /* TaskListView.swift in Sources */,
				426E82792C1E424C005F3A46 /* CreateTaskView.swift in Sources */,
				426E82832C1E5140005F3A46 /* ProgressSectionView.swift in Sources */,
				426E82652C1E4199005F3A46 /* TaskManagerApp.swift in Sources */,
			);
			runOnlyForDeploymentPostprocessing = 0;
		};
/* End PBXSourcesBuildPhase section */

/* Begin XCBuildConfiguration section */
		426E826F2C1E419C005F3A46 /* Debug */ = {
			isa = XCBuildConfiguration;
			buildSettings = {
				ALWAYS_SEARCH_USER_PATHS = NO;
				ASSETCATALOG_COMPILER_GENERATE_SWIFT_ASSET_SYMBOL_EXTENSIONS = YES;
				CLANG_ANALYZER_NONNULL = YES;
				CLANG_ANALYZER_NUMBER_OBJECT_CONVERSION = YES_AGGRESSIVE;
				CLANG_CXX_LANGUAGE_STANDARD = "gnu++20";
				CLANG_ENABLE_MODULES = YES;
				CLANG_ENABLE_OBJC_ARC = YES;
				CLANG_ENABLE_OBJC_WEAK = YES;
				CLANG_WARN_BLOCK_CAPTURE_AUTORELEASING = YES;
				CLANG_WARN_BOOL_CONVERSION = YES;
				CLANG_WARN_COMMA = YES;
				CLANG_WARN_CONSTANT_CONVERSION = YES;
				CLANG_WARN_DEPRECATED_OBJC_IMPLEMENTATIONS = YES;
				CLANG_WARN_DIRECT_OBJC_ISA_USAGE = YES_ERROR;
				CLANG_WARN_DOCUMENTATION_COMMENTS = YES;
				CLANG_WARN_EMPTY_BODY = YES;
				CLANG_WARN_ENUM_CONVERSION = YES;
				CLANG_WARN_INFINITE_RECURSION = YES;
				CLANG_WARN_INT_CONVERSION = YES;
				CLANG_WARN_NON_LITERAL_NULL_CONVERSION = YES;
				CLANG_WARN_OBJC_IMPLICIT_RETAIN_SELF = YES;
				CLANG_WARN_OBJC_LITERAL_CONVERSION = YES;
				CLANG_WARN_OBJC_ROOT_CLASS = YES_ERROR;
				CLANG_WARN_QUOTED_INCLUDE_IN_FRAMEWORK_HEADER = YES;
				CLANG_WARN_RANGE_LOOP_ANALYSIS = YES;
				CLANG_WARN_STRICT_PROTOTYPES = YES;
				CLANG_WARN_SUSPICIOUS_MOVE = YES;
				CLANG_WARN_UNGUARDED_AVAILABILITY = YES_AGGRESSIVE;
				CLANG_WARN_UNREACHABLE_CODE = YES;
				CLANG_WARN__DUPLICATE_METHOD_MATCH = YES;
				COPY_PHASE_STRIP = NO;
				DEBUG_INFORMATION_FORMAT = dwarf;
				ENABLE_STRICT_OBJC_MSGSEND = YES;
				ENABLE_TESTABILITY = YES;
				ENABLE_USER_SCRIPT_SANDBOXING = YES;
				GCC_C_LANGUAGE_STANDARD = gnu17;
				GCC_DYNAMIC_NO_PIC = NO;
				GCC_NO_COMMON_BLOCKS = YES;
				GCC_OPTIMIZATION_LEVEL = 0;
				GCC_PREPROCESSOR_DEFINITIONS = (
					"DEBUG=1",
					"$(inherited)",
				);
				GCC_WARN_64_TO_32_BIT_CONVERSION = YES;
				GCC_WARN_ABOUT_RETURN_TYPE = YES_ERROR;
				GCC_WARN_UNDECLARED_SELECTOR = YES;
				GCC_WARN_UNINITIALIZED_AUTOS = YES_AGGRESSIVE;
				GCC_WARN_UNUSED_FUNCTION = YES;
				GCC_WARN_UNUSED_VARIABLE = YES;
				IPHONEOS_DEPLOYMENT_TARGET = 17.5;
				LOCALIZATION_PREFERS_STRING_CATALOGS = YES;
				MTL_ENABLE_DEBUG_INFO = INCLUDE_SOURCE;
				MTL_FAST_MATH = YES;
				ONLY_ACTIVE_ARCH = YES;
				SDKROOT = iphoneos;
				SWIFT_ACTIVE_COMPILATION_CONDITIONS = "DEBUG $(inherited)";
				SWIFT_OPTIMIZATION_LEVEL = "-Onone";
			};
			name = Debug;
		};
		426E82702C1E419C005F3A46 /* Release */ = {
			isa = XCBuildConfiguration;
			buildSettings = {
				ALWAYS_SEARCH_USER_PATHS = NO;
				ASSETCATALOG_COMPILER_GENERATE_SWIFT_ASSET_SYMBOL_EXTENSIONS = YES;
				CLANG_ANALYZER_NONNULL = YES;
				CLANG_ANALYZER_NUMBER_OBJECT_CONVERSION = YES_AGGRESSIVE;
				CLANG_CXX_LANGUAGE_STANDARD = "gnu++20";
				CLANG_ENABLE_MODULES = YES;
				CLANG_ENABLE_OBJC_ARC = YES;
				CLANG_ENABLE_OBJC_WEAK = YES;
				CLANG_WARN_BLOCK_CAPTURE_AUTORELEASING = YES;
				CLANG_WARN_BOOL_CONVERSION = YES;
				CLANG_WARN_COMMA = YES;
				CLANG_WARN_CONSTANT_CONVERSION = YES;
				CLANG_WARN_DEPRECATED_OBJC_IMPLEMENTATIONS = YES;
				CLANG_WARN_DIRECT_OBJC_ISA_USAGE = YES_ERROR;
				CLANG_WARN_DOCUMENTATION_COMMENTS = YES;
				CLANG_WARN_EMPTY_BODY = YES;
				CLANG_WARN_ENUM_CONVERSION = YES;
				CLANG_WARN_INFINITE_RECURSION = YES;
				CLANG_WARN_INT_CONVERSION = YES;
				CLANG_WARN_NON_LITERAL_NULL_CONVERSION = YES;
				CLANG_WARN_OBJC_IMPLICIT_RETAIN_SELF = YES;
				CLANG_WARN_OBJC_LITERAL_CONVERSION = YES;
				CLANG_WARN_OBJC_ROOT_CLASS = YES_ERROR;
				CLANG_WARN_QUOTED_INCLUDE_IN_FRAMEWORK_HEADER = YES;
				CLANG_WARN_RANGE_LOOP_ANALYSIS = YES;
				CLANG_WARN_STRICT_PROTOTYPES = YES;
				CLANG_WARN_SUSPICIOUS_MOVE = YES;
				CLANG_WARN_UNGUARDED_AVAILABILITY = YES_AGGRESSIVE;
				CLANG_WARN_UNREACHABLE_CODE = YES;
				CLANG_WARN__DUPLICATE_METHOD_MATCH = YES;
				COPY_PHASE_STRIP = NO;
				DEBUG_INFORMATION_FORMAT = "dwarf-with-dsym";
				ENABLE_NS_ASSERTIONS = NO;
				ENABLE_STRICT_OBJC_MSGSEND = YES;
				ENABLE_USER_SCRIPT_SANDBOXING = YES;
				GCC_C_LANGUAGE_STANDARD = gnu17;
				GCC_NO_COMMON_BLOCKS = YES;
				GCC_WARN_64_TO_32_BIT_CONVERSION = YES;
				GCC_WARN_ABOUT_RETURN_TYPE = YES_ERROR;
				GCC_WARN_UNDECLARED_SELECTOR = YES;
				GCC_WARN_UNINITIALIZED_AUTOS = YES_AGGRESSIVE;
				GCC_WARN_UNUSED_FUNCTION = YES;
				GCC_WARN_UNUSED_VARIABLE = YES;
				IPHONEOS_DEPLOYMENT_TARGET = 17.5;
				LOCALIZATION_PREFERS_STRING_CATALOGS = YES;
				MTL_ENABLE_DEBUG_INFO = NO;
				MTL_FAST_MATH = YES;
				SDKROOT = iphoneos;
				SWIFT_COMPILATION_MODE = wholemodule;
				VALIDATE_PRODUCT = YES;
			};
			name = Release;
		};
		426E82722C1E419C005F3A46 /* Debug */ = {
			isa = XCBuildConfiguration;
			buildSettings = {
				ASSETCATALOG_COMPILER_APPICON_NAME = AppIcon;
				ASSETCATALOG_COMPILER_GLOBAL_ACCENT_COLOR_NAME = AccentColor;
				CODE_SIGN_STYLE = Automatic;
				CURRENT_PROJECT_VERSION = 1;
				DEVELOPMENT_ASSET_PATHS = "\"TaskManager/Preview Content\"";
				DEVELOPMENT_TEAM = 5PS998X6AT;
				ENABLE_PREVIEWS = YES;
				GENERATE_INFOPLIST_FILE = YES;
				INFOPLIST_KEY_UIApplicationSceneManifest_Generation = YES;
				INFOPLIST_KEY_UIApplicationSupportsIndirectInputEvents = YES;
				INFOPLIST_KEY_UILaunchScreen_Generation = YES;
				INFOPLIST_KEY_UISupportedInterfaceOrientations_iPad = "UIInterfaceOrientationPortrait UIInterfaceOrientationPortraitUpsideDown UIInterfaceOrientationLandscapeLeft UIInterfaceOrientationLandscapeRight";
				INFOPLIST_KEY_UISupportedInterfaceOrientations_iPhone = "UIInterfaceOrientationPortrait UIInterfaceOrientationLandscapeLeft UIInterfaceOrientationLandscapeRight";
				LD_RUNPATH_SEARCH_PATHS = (
					"$(inherited)",
					"@executable_path/Frameworks",
				);
				MARKETING_VERSION = 1.0;
				PRODUCT_BUNDLE_IDENTIFIER = "Borys-Bednarski.TaskManager";
				PRODUCT_NAME = "$(TARGET_NAME)";
				SWIFT_EMIT_LOC_STRINGS = YES;
				SWIFT_VERSION = 5.0;
				TARGETED_DEVICE_FAMILY = "1,2";
			};
			name = Debug;
		};
		426E82732C1E419C005F3A46 /* Release */ = {
			isa = XCBuildConfiguration;
			buildSettings = {
				ASSETCATALOG_COMPILER_APPICON_NAME = AppIcon;
				ASSETCATALOG_COMPILER_GLOBAL_ACCENT_COLOR_NAME = AccentColor;
				CODE_SIGN_STYLE = Automatic;
				CURRENT_PROJECT_VERSION = 1;
				DEVELOPMENT_ASSET_PATHS = "\"TaskManager/Preview Content\"";
				DEVELOPMENT_TEAM = 5PS998X6AT;
				ENABLE_PREVIEWS = YES;
				GENERATE_INFOPLIST_FILE = YES;
				INFOPLIST_KEY_UIApplicationSceneManifest_Generation = YES;
				INFOPLIST_KEY_UIApplicationSupportsIndirectInputEvents = YES;
				INFOPLIST_KEY_UILaunchScreen_Generation = YES;
				INFOPLIST_KEY_UISupportedInterfaceOrientations_iPad = "UIInterfaceOrientationPortrait UIInterfaceOrientationPortraitUpsideDown UIInterfaceOrientationLandscapeLeft UIInterfaceOrientationLandscapeRight";
				INFOPLIST_KEY_UISupportedInterfaceOrientations_iPhone = "UIInterfaceOrientationPortrait UIInterfaceOrientationLandscapeLeft UIInterfaceOrientationLandscapeRight";
				LD_RUNPATH_SEARCH_PATHS = (
					"$(inherited)",
					"@executable_path/Frameworks",
				);
				MARKETING_VERSION = 1.0;
				PRODUCT_BUNDLE_IDENTIFIER = "Borys-Bednarski.TaskManager";
				PRODUCT_NAME = "$(TARGET_NAME)";
				SWIFT_EMIT_LOC_STRINGS = YES;
				SWIFT_VERSION = 5.0;
				TARGETED_DEVICE_FAMILY = "1,2";
			};
			name = Release;
		};
/* End XCBuildConfiguration section */

/* Begin XCConfigurationList section */
		426E825C2C1E4199005F3A46 /* Build configuration list for PBXProject "TaskManager" */ = {
			isa = XCConfigurationList;
			buildConfigurations = (
				426E826F2C1E419C005F3A46 /* Debug */,
				426E82702C1E419C005F3A46 /* Release */,
			);
			defaultConfigurationIsVisible = 0;
			defaultConfigurationName = Release;
		};
		426E82712C1E419C005F3A46 /* Build configuration list for PBXNativeTarget "TaskManager" */ = {
			isa = XCConfigurationList;
			buildConfigurations = (
				426E82722C1E419C005F3A46 /* Debug */,
				426E82732C1E419C005F3A46 /* Release */,
			);
			defaultConfigurationIsVisible = 0;
			defaultConfigurationName = Release;
		};
/* End XCConfigurationList section */
	};
	rootObject = 426E82592C1E4199005F3A46 /* Project object */;
}
